{"format_version":"1.2","terraform_version":"1.5.7","planned_values":{"root_module":{"resources":[{"address":"aiven_kafka.foo","mode":"managed","type":"aiven_kafka","name":"foo","provider_name":"registry.terraform.io/aiven/aiven","schema_version":1,"values":{"additional_disk_space":null,"cloud_name":"google-europe-west1","default_acl":true,"disk_space":null,"kafka_user_config":[],"karapace":null,"maintenance_window_dow":"monday","maintenance_window_time":"10:00:00","plan":"startup-2","project":"testproject-r63c","project_vpc_id":null,"service_integrations":[],"service_name":"kafka1","service_type":"kafka","static_ips":null,"tag":[],"tech_emails":[],"termination_protection":false,"timeouts":null},"sensitive_values":{"components":[],"kafka":[],"kafka_user_config":[],"service_integrations":[],"tag":[],"tech_emails":[]}},{"address":"aiven_kafka_topic.foo","mode":"managed","type":"aiven_kafka_topic","name":"foo","provider_name":"registry.terraform.io/aiven/aiven","schema_version":1,"values":{"config":[],"owner_user_group_id":null,"partitions":3,"project":"testproject-r63c","replication":2,"service_name":"kafka1","tag":[],"termination_protection":false,"timeouts":null,"topic_description":null,"topic_name":"topic"},"sensitive_values":{"config":[],"tag":[]}},{"address":"aiven_organization_user_group.foo","mode":"managed","type":"aiven_organization_user_group","name":"foo","provider_name":"registry.terraform.io/aiven/aiven","schema_version":0,"values":{"description":"Example group of users.","name":"foo","organization_id":"org4e10dd5e162","timeouts":null},"sensitive_values":{}},{"address":"aiven_organization_user_group_member.foo","mode":"managed","type":"aiven_organization_user_group_member","name":"foo","provider_name":"registry.terraform.io/aiven/aiven","schema_version":0,"values":{"organization_id":"org4e10dd5e162","timeouts":null,"user_id":"org4e10dd5e162/roope-kar@aiven.fi"},"sensitive_values":{}}]}},"resource_changes":[{"address":"aiven_kafka.foo","mode":"managed","type":"aiven_kafka","name":"foo","provider_name":"registry.terraform.io/aiven/aiven","change":{"actions":["create"],"before":null,"after":{"additional_disk_space":null,"cloud_name":"google-europe-west1","default_acl":true,"disk_space":null,"kafka_user_config":[],"karapace":null,"maintenance_window_dow":"monday","maintenance_window_time":"10:00:00","plan":"startup-2","project":"testproject-r63c","project_vpc_id":null,"service_integrations":[],"service_name":"kafka1","service_type":"kafka","static_ips":null,"tag":[],"tech_emails":[],"termination_protection":false,"timeouts":null},"after_unknown":{"components":true,"disk_space_cap":true,"disk_space_default":true,"disk_space_step":true,"disk_space_used":true,"id":true,"kafka":true,"kafka_user_config":[],"service_host":true,"service_integrations":[],"service_password":true,"service_port":true,"service_uri":true,"service_username":true,"state":true,"tag":[],"tech_emails":[]},"before_sensitive":false,"after_sensitive":{"components":[],"kafka":[],"kafka_user_config":[],"service_integrations":[],"service_password":true,"service_uri":true,"tag":[],"tech_emails":[]}}},{"address":"aiven_kafka_topic.foo","mode":"managed","type":"aiven_kafka_topic","name":"foo","provider_name":"registry.terraform.io/aiven/aiven","change":{"actions":["create"],"before":null,"after":{"config":[],"owner_user_group_id":null,"partitions":3,"project":"testproject-r63c","replication":2,"service_name":"kafka1","tag":[],"termination_protection":false,"timeouts":null,"topic_description":null,"topic_name":"topic"},"after_unknown":{"config":[],"id":true,"tag":[]},"before_sensitive":false,"after_sensitive":{"config":[],"tag":[]}}},{"address":"aiven_organization_user_group.foo","mode":"managed","type":"aiven_organization_user_group","name":"foo","provider_name":"registry.terraform.io/aiven/aiven","change":{"actions":["create"],"before":null,"after":{"description":"Example group of users.","name":"foo","organization_id":"org4e10dd5e162","timeouts":null},"after_unknown":{"create_time":true,"group_id":true,"id":true,"update_time":true},"before_sensitive":false,"after_sensitive":{}}},{"address":"aiven_organization_user_group_member.foo","mode":"managed","type":"aiven_organization_user_group_member","name":"foo","provider_name":"registry.terraform.io/aiven/aiven","change":{"actions":["create"],"before":null,"after":{"organization_id":"org4e10dd5e162","timeouts":null,"user_id":"org4e10dd5e162/roope-kar@aiven.fi"},"after_unknown":{"group_id":true,"id":true,"last_activity_time":true},"before_sensitive":false,"after_sensitive":{}}}],"prior_state":{"format_version":"1.0","terraform_version":"1.5.7","values":{"root_module":{"resources":[{"address":"data.aiven_organization.foo","mode":"data","type":"aiven_organization","name":"foo","provider_name":"registry.terraform.io/aiven/aiven","schema_version":0,"values":{"create_time":"2024-09-22 20:44:51 +0000 UTC","id":"org4e10dd5e162","name":"My Organization","tenant_id":"aiven","update_time":"2024-09-24 06:05:16 +0000 UTC"},"sensitive_values":{}},{"address":"data.aiven_organization_user.foo","mode":"data","type":"aiven_organization_user","name":"foo","provider_name":"registry.terraform.io/aiven/aiven","schema_version":0,"values":{"create_time":"2024-09-22 20:44:51 +0000 UTC","id":"org4e10dd5e162/roope-kar@aiven.fi","organization_id":"org4e10dd5e162","user_email":"roope-kar@aiven.fi","user_id":"u4e10dde27b5"},"sensitive_values":{}},{"address":"data.aiven_project.foo","mode":"data","type":"aiven_project","name":"foo","provider_name":"registry.terraform.io/aiven/aiven","schema_version":0,"values":{"account_id":"a4e10ddb8dfc","add_account_owners_admin_access":null,"available_credits":"0.00","billing_group":"4f535432-1686-4495-8319-8d74a95b63dc","ca_cert":"-----BEGIN CERTIFICATE-----\nMIIEQTCCAqmgAwIBAgIUOjJmBQKb5c9SYy2zUR4xqR2ybSowDQYJKoZIhvcNAQEM\nBQAwOjE4MDYGA1UEAwwvNGEwNDAwMTktOTIxZS00OWNkLWEwZGUtNTFmNDZiYTQz\nMDAwIFByb2plY3QgQ0EwHhcNMjQwOTIyMjA0NDU1WhcNMzQwOTIwMjA0NDU1WjA6\nMTgwNgYDVQQDDC80YTA0MDAxOS05MjFlLTQ5Y2QtYTBkZS01MWY0NmJhNDMwMDAg\nUHJvamVjdCBDQTCCAaIwDQYJKoZIhvcNAQEBBQADggGPADCCAYoCggGBAKkOogM8\ng9w/yZYMZ1ho2NCWYG6h1kEei6c4v0S6Vj3f5+50LuOwsDJhnYqlWn0B74DWU0LU\n3JMCfSDLMZEBENc8x6ZiXjXK/6GtJjDhjS5mrcV0w48zVR9Q0jwf5g/crxk12yDa\nJejlBS3UeaMO5DR9w2lqr973gn49HMO9L6bwczLdTIHVkC/6yfuHYuhB9r4ZTgL/\nAH9WmwDq2mxGnC450wmZ6rL9h+t2cKwwlkcLQzdfMotqwM9j6dCQxJiwWTuPovE7\ny/y38ZX6TMZXt4LuZxoFJmudEM3DeAWG37GgZry/pLvH3yFkHUG/kH/2iCK6bvUP\nePTU0/6lyk4gN7odgbR3Iib0sils+8l4sLUS7BvFEvQEBdqg7DH0oUZ9FwpdRwsX\nnzxvmxNDoUVtq1OaCyBpPEoXSjTcGJohKGnUEY6vIdsIPoXf20sZ5gHTXPTCEk4R\npuZAjVmNKHcvjZdLZMk2DcFYgcOLsDGy7ZZSBIEV1A+99aVVW+jn7O1d+wIDAQAB\noz8wPTAdBgNVHQ4EFgQUzNYhSjzsa1wmZUjL/J/jroNiTIowDwYDVR0TBAgwBgEB\n/wIBADALBgNVHQ8EBAMCAQYwDQYJKoZIhvcNAQEMBQADggGBAIrt3OY/PjgxBE+0\nxZ+9M9BaJY4CWyfVzCj1sjpQhjXx5httxGBYzd/ZYu1zSHCD/OTZCzao+Xdhda6p\n072oBJ/6eQXM5oG4C3NvUG72PrKCW4Rz+Ic2j5P+2HC40PNjv8bW9TbzM4ycrySl\nxzrdOmkpvjBqeINKe0Tiv0jeLWtMVkiuJfWLlbcZ15Es/CKHzPjjEgdUTT9LFFen\njlEuHlXf0qeX1jtve5G/sZOe+IxYcGcs7xMPLKIiGYjVkyqhTmO4e8ISoqDdiYTg\n15WFGi0DZq6VotITdPRDNPpNiOH5GQBRdsTSzmUngvv5cCNfVyskd38lexpTr2F9\n/pAmKTPe9rGlL/kI18KWE6T0e8pHCyIC1waCmgGTNtAr5bary31Rk39VIRF71BPo\nXFd5jVCPW2gHYeMrwtQbM3Q7+kJ6agy42Y0qUd8Bgjv/57iFY4qtYQhf5soboIdI\nMv4/d1ZAf7tOLTSO7kllPjRxjU+S0XalZGbfvtu40G17yUgACw==\n-----END CERTIFICATE-----\n","copy_from_project":null,"default_cloud":"google-europe-west1","estimated_balance":"0.00","id":"testproject-r63c","parent_id":null,"payment_method":"card","project":"testproject-r63c","tag":[],"technical_emails":[],"use_source_project_billing_group":null},"sensitive_values":{"ca_cert":true,"tag":[],"technical_emails":[]}}]}}},"configuration":{"provider_config":{"aiven":{"name":"aiven","full_name":"registry.terraform.io/aiven/aiven","version_constraint":"\u003e= 4.0.0, \u003c 5.0.0","expressions":{"api_token":{"constant_value":"JxG20DsqcVZ3Nrjct45wjqumIoGbWdpVUbafvbLgfWLesxLUO+3V5iswdWsluSIa+8j07XJVdUrHoJZ1L+MZEjw0m3K8NWdlldXbzE5l3b97/ApwwGXDMEBOIUo+qOQm71dpiwqJnlEkCXYLGfN0uhYwFmCJAJ6f8Yuh8Bs+4XfaSRJKfuFq43jjeuVU36POsmtJARmOyCXNfbnYLh2WXgSEqnHCwjsI9lVMBNrJSsfNRsA3njYPhE9IMkLBDCZ6KEdPwnOed/dSmVRyg7y3wNorjUS03X9sUlQl+5ul4XzeXPg2dZDTAinTog3QtljivVX2P01gn98ykJnZPG7Si3MdNTS5O1hbZNxxe18d0rZV"}}}},"root_module":{"resources":[{"address":"aiven_kafka.foo","mode":"managed","type":"aiven_kafka","name":"foo","provider_config_key":"aiven","expressions":{"cloud_name":{"constant_value":"google-europe-west1"},"maintenance_window_dow":{"constant_value":"monday"},"maintenance_window_time":{"constant_value":"10:00:00"},"plan":{"constant_value":"startup-2"},"project":{"references":["data.aiven_project.foo.project","data.aiven_project.foo"]},"service_name":{"constant_value":"kafka1"}},"schema_version":1},{"address":"aiven_kafka_topic.foo","mode":"managed","type":"aiven_kafka_topic","name":"foo","provider_config_key":"aiven","expressions":{"partitions":{"constant_value":3},"project":{"references":["data.aiven_project.foo.project","data.aiven_project.foo"]},"replication":{"constant_value":2},"service_name":{"references":["aiven_kafka.foo.service_name","aiven_kafka.foo"]},"topic_name":{"constant_value":"topic"}},"schema_version":1},{"address":"aiven_organization_user_group.foo","mode":"managed","type":"aiven_organization_user_group","name":"foo","provider_config_key":"aiven","expressions":{"description":{"constant_value":"Example group of users."},"name":{"constant_value":"foo"},"organization_id":{"references":["data.aiven_organization.foo.id","data.aiven_organization.foo"]}},"schema_version":0},{"address":"aiven_organization_user_group_member.foo","mode":"managed","type":"aiven_organization_user_group_member","name":"foo","provider_config_key":"aiven","expressions":{"group_id":{"references":["aiven_organization_user_group.foo.group_id","aiven_organization_user_group.foo"]},"organization_id":{"references":["data.aiven_organization.foo.id","data.aiven_organization.foo"]},"user_id":{"references":["data.aiven_organization_user.foo.id","data.aiven_organization_user.foo"]}},"schema_version":0},{"address":"data.aiven_organization.foo","mode":"data","type":"aiven_organization","name":"foo","provider_config_key":"aiven","expressions":{"name":{"constant_value":"My Organization"}},"schema_version":0},{"address":"data.aiven_organization_user.foo","mode":"data","type":"aiven_organization_user","name":"foo","provider_config_key":"aiven","expressions":{"organization_id":{"references":["data.aiven_organization.foo.id","data.aiven_organization.foo"]},"user_email":{"constant_value":"roope-kar@aiven.fi"}},"schema_version":0},{"address":"data.aiven_project.foo","mode":"data","type":"aiven_project","name":"foo","provider_config_key":"aiven","expressions":{"project":{"constant_value":"testproject-r63c"}},"schema_version":0}]}},"relevant_attributes":[{"resource":"data.aiven_project.foo","attribute":["project"]},{"resource":"aiven_kafka.foo","attribute":["service_name"]},{"resource":"data.aiven_organization.foo","attribute":["id"]},{"resource":"data.aiven_organization_user.foo","attribute":["id"]},{"resource":"aiven_organization_user_group.foo","attribute":["group_id"]}],"timestamp":"2024-09-24T06:34:37Z"}
