{
  "format_version": "1.2",
  "terraform_version": "1.5.7",
  "variables": {
    "aiven_api_token": {
      "value": "0VjY6a00ypnPGW7yApfYagaZTujp7BkxIgB4Ml5Xne15ScSV/1bDCK39vbx34o7b6HZ/VFK0aANIkfqjbIg2tAOxawMQXAwPQevX9QBV+n5/cf3vJlHj/U9HNNHWTmQJuiU4QRWKtyCl39OdGzfeaY4ncLZ10L4rn16Pkr1vfUQOpasQu9rDhpyVpLG3IG4NGSuOBvoY4xNvVhakxzqlX8LliUCCS7MyptXx9sr1AgcjVOKYYtzesoe6QB2YgmWk8pPQOX7jC0UpMriEKjEL2kKbF0J4UJ7OXDLH4EzhSYfc4luiLyvbblDsG/RHhS7v5mD4JakrODHC1k8qxDW3AlY17bHN+5w895at2LJTtB5YnZKvCnkc"
    }
  },
  "planned_values": {
    "root_module": {
      "resources": [
        {
          "address": "aiven_kafka.foo",
          "mode": "managed",
          "type": "aiven_kafka",
          "name": "foo",
          "provider_name": "registry.terraform.io/aiven/aiven",
          "schema_version": 1,
          "values": {
            "cloud_name": "google-europe-west1",
            "default_acl": true,
            "disk_space": null,
            "kafka_user_config": [],
            "karapace": null,
            "maintenance_window_dow": "monday",
            "maintenance_window_time": "10:00:00",
            "plan": "startup-2",
            "project": "testproject-gl4h",
            "service_name": "kafka1",
            "service_type": "kafka",
            "static_ips": null,
            "tag": [],
            "tech_emails": [],
            "termination_protection": false,
            "timeouts": null
          },
          "sensitive_values": {
            "components": [],
            "kafka": [],
            "kafka_user_config": [],
            "service_integrations": [],
            "tag": [],
            "tech_emails": []
          }
        },
        {
          "address": "aiven_kafka_topic.logs",
          "mode": "managed",
          "type": "aiven_kafka_topic",
          "name": "logs",
          "provider_name": "registry.terraform.io/aiven/aiven",
          "schema_version": 1,
          "values": {
            "config": [],
            "owner_user_group_id": null,
            "partitions": 3,
            "project": "testproject-gl4h",
            "replication": 2,
            "service_name": "kafka1",
            "tag": [],
            "termination_protection": false,
            "timeouts": null,
            "topic_description": null,
            "topic_name": "logs"
          },
          "sensitive_values": {
            "config": [],
            "tag": []
          }
        }
      ]
    }
  },
  "resource_changes": [
    {
      "address": "aiven_kafka.foo",
      "mode": "managed",
      "type": "aiven_kafka",
      "name": "foo",
      "provider_name": "registry.terraform.io/aiven/aiven",
      "change": {
        "actions": [
          "create"
        ],
        "before": null,
        "after": {
          "cloud_name": "google-europe-west1",
          "default_acl": true,
          "disk_space": null,
          "kafka_user_config": [],
          "karapace": null,
          "maintenance_window_dow": "monday",
          "maintenance_window_time": "10:00:00",
          "plan": "startup-2",
          "project": "testproject-gl4h",
          "service_name": "kafka1",
          "service_type": "kafka",
          "static_ips": null,
          "tag": [],
          "tech_emails": [],
          "termination_protection": false,
          "timeouts": null
        },
        "after_unknown": {
          "additional_disk_space": true,
          "components": true,
          "disk_space_cap": true,
          "disk_space_default": true,
          "disk_space_step": true,
          "disk_space_used": true,
          "id": true,
          "kafka": true,
          "kafka_user_config": [],
          "project_vpc_id": true,
          "service_host": true,
          "service_integrations": true,
          "service_password": true,
          "service_port": true,
          "service_uri": true,
          "service_username": true,
          "state": true,
          "tag": [],
          "tech_emails": []
        },
        "before_sensitive": false,
        "after_sensitive": {
          "components": [],
          "kafka": [],
          "kafka_user_config": [],
          "service_integrations": [],
          "service_password": true,
          "service_uri": true,
          "tag": [],
          "tech_emails": []
        }
      }
    },
    {
      "address": "aiven_kafka_topic.logs",
      "mode": "managed",
      "type": "aiven_kafka_topic",
      "name": "logs",
      "provider_name": "registry.terraform.io/aiven/aiven",
      "change": {
        "actions": [
          "create"
        ],
        "before": null,
        "after": {
          "config": [],
          "owner_user_group_id": null,
          "partitions": 3,
          "project": "testproject-gl4h",
          "replication": 2,
          "service_name": "kafka1",
          "tag": [],
          "termination_protection": false,
          "timeouts": null,
          "topic_description": null,
          "topic_name": "logs"
        },
        "after_unknown": {
          "config": [],
          "id": true,
          "tag": []
        },
        "before_sensitive": false,
        "after_sensitive": {
          "config": [],
          "tag": []
        }
      }
    }
  ],
  "prior_state": {
    "format_version": "1.0",
    "terraform_version": "1.5.7",
    "values": {
      "root_module": {
        "resources": [
          {
            "address": "data.aiven_project.foo",
            "mode": "data",
            "type": "aiven_project",
            "name": "foo",
            "provider_name": "registry.terraform.io/aiven/aiven",
            "schema_version": 0,
            "values": {
              "account_id": "a519dbfc30cd",
              "add_account_owners_admin_access": null,
              "available_credits": "0.00",
              "billing_group": "fc6ad761-ad79-40d4-a0bd-29269b3795e2",
              "ca_cert": "-----BEGIN CERTIFICATE-----\nMIIETTCCArWgAwIBAgIUBMdxzcH5oX7sWt6/kw7aIsqU6nowDQYJKoZIhvcNAQEM\nBQAwQDE+MDwGA1UEAww1OWQxZTI2YjAtMmYwYy00ZDlhLWE3OGEtNTkxNmZkNDMx\nYjVkIEdFTiAxIFByb2plY3QgQ0EwHhcNMjUwMzAzMTAzOTI4WhcNMzUwMzAxMTAz\nOTI4WjBAMT4wPAYDVQQDDDU5ZDFlMjZiMC0yZjBjLTRkOWEtYTc4YS01OTE2ZmQ0\nMzFiNWQgR0VOIDEgUHJvamVjdCBDQTCCAaIwDQYJKoZIhvcNAQEBBQADggGPADCC\nAYoCggGBALjjQX8ZAWrcbAtCD3WXw8ScO6jWFh/nfF1Vv+PqdlvC2jVbO/ja6Nrg\nAidCQjn2QBvD0jH5sEcafhxRM0PdidADeWHkoxNTsCCbLra6xvSixWXU5ukpanKz\nh0MvtIEnZYtyaBvVxIMUAuBJ+ax+OHKd+vDg3tvHmMLBHeMAC4mt7J5aKdkGoMpp\njMAwlHk5zmmHluu9gKx9SL1Xis0YiHlVd6wdMmX8m4u0udn0GV8esk5/idyWR6hC\nH2pN+/Y34XnjX4RJ/wF/VQbbiMzKQaTq75+u4XyLpoBXXHOB/5SG8w9h1K9KTGgu\nATwVQNZygFbvGGBu6zoKj/6C5CbVjmHs6a7sMq80UVKCNzwFfnxn8uuQ0YFyI0MB\n1wXwpCpvMTRluDsP11CnYko8clXQipu0vv9a7D8+dSjMDResNvrRJzj4C9f5kq8Z\nU8AvxCSCV6+JUllEenI7fce0+h73WpWVohAMuyMUeFtybFFOSHs3CvIn+bZm2JZf\nPuJploau6QIDAQABoz8wPTAdBgNVHQ4EFgQUFuwrA8d/MVSgGa/OSYLnxtIyGOYw\nDwYDVR0TBAgwBgEB/wIBADALBgNVHQ8EBAMCAQYwDQYJKoZIhvcNAQEMBQADggGB\nAFdRr4hGKuZClxizq2+butVelqSzL7R05Rljmw3Qk41AzCSeKpVn8YDqkZMkLkFY\nIQoA5Fc6naid9wFetRZEpmtj3IQOau41CXtatUrIMPbOz01MiuRI9fD64opVm1dQ\nqpFQw+fB7RMb1+juW+tmSDqZi8pDpZmf7sNMUfyBkEU602I2+to/eox4lfHdFUY9\nUoZznFkMqf7iMXnKasFbGqgVndiFsGSRMlI6Mo1c0SeZoS67sTnrU5cQ5tinFHAJ\nhHhuckyOhZRhZyukgD4trVstBsf4UfpV+wDrKsyjTHHJzAF0ktPHtZvpwnQvjk6S\n4JcapzrnrmyM9/5Ylcg4HDMAZB1uNtErMhQbkfFDWHcIkR4vTi5NQCYrCfGDMDn5\nsiv5QnKwQwD+MYD1opUGiT/GF9EAB7Dcr5t8BnnovRrEf7HwX6q45j8OQvs7Xwou\nHCR4KH545s7linnrTqIilYDKyuY4+FrE/+Zwmcya0JDzUMErOzN2JGLVslAqLDTJ\n8Q==\n-----END CERTIFICATE-----\n",
              "copy_from_project": null,
              "default_cloud": "google-europe-west1",
              "estimated_balance": "0.00",
              "id": "testproject-gl4h",
              "parent_id": null,
              "payment_method": "card",
              "project": "testproject-gl4h",
              "tag": [],
              "technical_emails": [],
              "use_source_project_billing_group": null
            },
            "sensitive_values": {
              "ca_cert": true,
              "tag": [],
              "technical_emails": []
            }
          }
        ]
      }
    }
  },
  "configuration": {
    "provider_config": {
      "aiven": {
        "name": "aiven",
        "full_name": "registry.terraform.io/aiven/aiven",
        "version_constraint": "\u003e= 4.0.0, \u003c 5.0.0",
        "expressions": {
          "api_token": {
            "references": [
              "var.aiven_api_token"
            ]
          }
        }
      }
    },
    "root_module": {
      "resources": [
        {
          "address": "aiven_governance_subscription.flip",
          "mode": "managed",
          "type": "aiven_governance_subscription",
          "name": "flip",
          "provider_config_key": "aiven",
          "expressions": {
            "organization_id": {
              "references": [
                "data.aiven_organization.foo.id",
                "data.aiven_organization.foo"
              ]
            },
            "owner_user_group_id": {
              "references": [
                "aiven_organization_user_group.foo.group_id",
                "aiven_organization_user_group.foo"
              ]
            },
            "subscription_data": [
              {
                "acls": [
                  {
                    "host": {
                      "constant_value": "*"
                    },
                    "operation": {
                      "constant_value": "Write"
                    },
                    "permission_type": {
                      "constant_value": "ALLOW"
                    },
                    "resource_name": {
                      "constant_value": "foo"
                    },
                    "resource_type": {
                      "constant_value": "Topic"
                    }
                  },
                  {
                    "host": {
                      "constant_value": "*"
                    },
                    "operation": {
                      "constant_value": "Read"
                    },
                    "permission_type": {
                      "constant_value": "ALLOW"
                    },
                    "resource_name": {
                      "constant_value": "bar"
                    },
                    "resource_type": {
                      "constant_value": "Topic"
                    }
                  }
                ],
                "project": {
                  "references": [
                    "data.aiven_project.foo.project",
                    "data.aiven_project.foo"
                  ]
                },
                "service_name": {
                  "references": [
                    "aiven_kafka.foo.service_name",
                    "aiven_kafka.foo"
                  ]
                },
                "username": {
                  "constant_value": "api1"
                }
              }
            ],
            "subscription_name": {
              "constant_value": "My Subscription"
            },
            "subscription_type": {
              "constant_value": "KAFKA"
            }
          },
          "schema_version": 0
        },
        {
          "address": "aiven_kafka.foo",
          "mode": "managed",
          "type": "aiven_kafka",
          "name": "foo",
          "provider_config_key": "aiven",
          "expressions": {
            "cloud_name": {
              "constant_value": "google-europe-west1"
            },
            "maintenance_window_dow": {
              "constant_value": "monday"
            },
            "maintenance_window_time": {
              "constant_value": "10:00:00"
            },
            "plan": {
              "constant_value": "startup-2"
            },
            "project": {
              "references": [
                "data.aiven_project.foo.project",
                "data.aiven_project.foo"
              ]
            },
            "service_name": {
              "constant_value": "kafka1"
            }
          },
          "schema_version": 1
        },
        {
          "address": "aiven_kafka_topic.events",
          "mode": "managed",
          "type": "aiven_kafka_topic",
          "name": "events",
          "provider_config_key": "aiven",
          "expressions": {
            "owner_user_group_id": {
              "references": [
                "aiven_organization_user_group.bar.group_id",
                "aiven_organization_user_group.bar"
              ]
            },
            "partitions": {
              "constant_value": 3
            },
            "project": {
              "references": [
                "data.aiven_project.foo.project",
                "data.aiven_project.foo"
              ]
            },
            "replication": {
              "constant_value": 3
            },
            "service_name": {
              "references": [
                "aiven_kafka.foo.service_name",
                "aiven_kafka.foo"
              ]
            },
            "topic_name": {
              "constant_value": "events"
            }
          },
          "schema_version": 1
        },
        {
          "address": "aiven_kafka_topic.logs",
          "mode": "managed",
          "type": "aiven_kafka_topic",
          "name": "logs",
          "provider_config_key": "aiven",
          "expressions": {
            "partitions": {
              "constant_value": 3
            },
            "project": {
              "references": [
                "data.aiven_project.foo.project",
                "data.aiven_project.foo"
              ]
            },
            "replication": {
              "constant_value": 2
            },
            "service_name": {
              "references": [
                "aiven_kafka.foo.service_name",
                "aiven_kafka.foo"
              ]
            },
            "topic_name": {
              "constant_value": "logs"
            }
          },
          "schema_version": 1
        },
        {
          "address": "aiven_kafka_topic.logs2",
          "mode": "managed",
          "type": "aiven_kafka_topic",
          "name": "logs2",
          "provider_config_key": "aiven",
          "expressions": {
            "owner_user_group_id": {
              "references": [
                "aiven_organization_user_group.foo.group_id",
                "aiven_organization_user_group.foo"
              ]
            },
            "partitions": {
              "constant_value": 3
            },
            "project": {
              "references": [
                "data.aiven_project.foo.project",
                "data.aiven_project.foo"
              ]
            },
            "replication": {
              "constant_value": 2
            },
            "service_name": {
              "references": [
                "aiven_kafka.foo.service_name",
                "aiven_kafka.foo"
              ]
            },
            "topic_name": {
              "constant_value": "logs2"
            }
          },
          "schema_version": 1
        },
        {
          "address": "aiven_kafka_topic.void",
          "mode": "managed",
          "type": "aiven_kafka_topic",
          "name": "void",
          "provider_config_key": "aiven",
          "expressions": {
            "owner_user_group_id": {
              "references": [
                "aiven_organization_user_group.foo.group_id",
                "aiven_organization_user_group.foo"
              ]
            },
            "partitions": {
              "constant_value": 3
            },
            "project": {
              "references": [
                "data.aiven_project.foo.project",
                "data.aiven_project.foo"
              ]
            },
            "replication": {
              "constant_value": 2
            },
            "service_name": {
              "references": [
                "aiven_kafka.foo.service_name",
                "aiven_kafka.foo"
              ]
            },
            "topic_name": {
              "references": [
                "count.index"
              ]
            }
          },
          "schema_version": 1,
          "count_expression": {
            "constant_value": 3
          }
        },
        {
          "address": "aiven_organization_user_group.bar",
          "mode": "managed",
          "type": "aiven_organization_user_group",
          "name": "bar",
          "provider_config_key": "aiven",
          "expressions": {
            "description": {
              "constant_value": "Example group of users."
            },
            "name": {
              "constant_value": "bar"
            },
            "organization_id": {
              "references": [
                "data.aiven_organization.foo.id",
                "data.aiven_organization.foo"
              ]
            }
          },
          "schema_version": 0
        },
        {
          "address": "aiven_organization_user_group.foo",
          "mode": "managed",
          "type": "aiven_organization_user_group",
          "name": "foo",
          "provider_config_key": "aiven",
          "expressions": {
            "description": {
              "constant_value": "Example group of users."
            },
            "name": {
              "constant_value": "foo"
            },
            "organization_id": {
              "references": [
                "data.aiven_organization.foo.id",
                "data.aiven_organization.foo"
              ]
            }
          },
          "schema_version": 0
        },
        {
          "address": "aiven_organization_user_group_member.alice-bar",
          "mode": "managed",
          "type": "aiven_organization_user_group_member",
          "name": "alice-bar",
          "provider_config_key": "aiven",
          "expressions": {
            "group_id": {
              "references": [
                "aiven_organization_user_group.bar.group_id",
                "aiven_organization_user_group.bar"
              ]
            },
            "organization_id": {
              "references": [
                "data.aiven_organization.foo.id",
                "data.aiven_organization.foo"
              ]
            },
            "user_id": {
              "references": [
                "data.aiven_organization_user.alice.user_id",
                "data.aiven_organization_user.alice"
              ]
            }
          },
          "schema_version": 0
        },
        {
          "address": "aiven_organization_user_group_member.alice-foo",
          "mode": "managed",
          "type": "aiven_organization_user_group_member",
          "name": "alice-foo",
          "provider_config_key": "aiven",
          "expressions": {
            "group_id": {
              "references": [
                "aiven_organization_user_group.foo.group_id",
                "aiven_organization_user_group.foo"
              ]
            },
            "organization_id": {
              "references": [
                "data.aiven_organization.foo.id",
                "data.aiven_organization.foo"
              ]
            },
            "user_id": {
              "references": [
                "data.aiven_organization_user.alice.user_id",
                "data.aiven_organization_user.alice"
              ]
            }
          },
          "schema_version": 0
        },
        {
          "address": "aiven_organization_user_group_member.bob-bar",
          "mode": "managed",
          "type": "aiven_organization_user_group_member",
          "name": "bob-bar",
          "provider_config_key": "aiven",
          "expressions": {
            "group_id": {
              "references": [
                "aiven_organization_user_group.bar.group_id",
                "aiven_organization_user_group.bar"
              ]
            },
            "organization_id": {
              "references": [
                "data.aiven_organization.foo.id",
                "data.aiven_organization.foo"
              ]
            },
            "user_id": {
              "references": [
                "data.aiven_organization_user.bob.user_id",
                "data.aiven_organization_user.bob"
              ]
            }
          },
          "schema_version": 0
        },
        {
          "address": "aiven_organization_user_group_member.bob-foo",
          "mode": "managed",
          "type": "aiven_organization_user_group_member",
          "name": "bob-foo",
          "provider_config_key": "aiven",
          "expressions": {
            "group_id": {
              "references": [
                "aiven_organization_user_group.foo.group_id",
                "aiven_organization_user_group.foo"
              ]
            },
            "organization_id": {
              "references": [
                "data.aiven_organization.foo.id",
                "data.aiven_organization.foo"
              ]
            },
            "user_id": {
              "references": [
                "data.aiven_organization_user.bob.user_id",
                "data.aiven_organization_user.bob"
              ]
            }
          },
          "schema_version": 0
        },
        {
          "address": "aiven_organization_user_group_member.charlie-bar",
          "mode": "managed",
          "type": "aiven_organization_user_group_member",
          "name": "charlie-bar",
          "provider_config_key": "aiven",
          "expressions": {
            "group_id": {
              "references": [
                "aiven_organization_user_group.bar.group_id",
                "aiven_organization_user_group.bar"
              ]
            },
            "organization_id": {
              "references": [
                "data.aiven_organization.foo.id",
                "data.aiven_organization.foo"
              ]
            },
            "user_id": {
              "references": [
                "data.aiven_organization_user.charlie.user_id",
                "data.aiven_organization_user.charlie"
              ]
            }
          },
          "schema_version": 0
        },
        {
          "address": "aiven_organization_user_group_member.charlie-foo",
          "mode": "managed",
          "type": "aiven_organization_user_group_member",
          "name": "charlie-foo",
          "provider_config_key": "aiven",
          "expressions": {
            "group_id": {
              "references": [
                "aiven_organization_user_group.foo.group_id",
                "aiven_organization_user_group.foo"
              ]
            },
            "organization_id": {
              "references": [
                "data.aiven_organization.foo.id",
                "data.aiven_organization.foo"
              ]
            },
            "user_id": {
              "references": [
                "data.aiven_organization_user.charlie.user_id",
                "data.aiven_organization_user.charlie"
              ]
            }
          },
          "schema_version": 0
        },
        {
          "address": "aiven_organization_user_group_member.david-bar",
          "mode": "managed",
          "type": "aiven_organization_user_group_member",
          "name": "david-bar",
          "provider_config_key": "aiven",
          "expressions": {
            "group_id": {
              "references": [
                "aiven_organization_user_group.bar.group_id",
                "aiven_organization_user_group.bar"
              ]
            },
            "organization_id": {
              "references": [
                "data.aiven_organization.foo.id",
                "data.aiven_organization.foo"
              ]
            },
            "user_id": {
              "references": [
                "data.aiven_organization_user.david.user_id",
                "data.aiven_organization_user.david"
              ]
            }
          },
          "schema_version": 0
        },
        {
          "address": "aiven_organization_user_group_member.david-foo",
          "mode": "managed",
          "type": "aiven_organization_user_group_member",
          "name": "david-foo",
          "provider_config_key": "aiven",
          "expressions": {
            "group_id": {
              "references": [
                "aiven_organization_user_group.foo.group_id",
                "aiven_organization_user_group.foo"
              ]
            },
            "organization_id": {
              "references": [
                "data.aiven_organization.foo.id",
                "data.aiven_organization.foo"
              ]
            },
            "user_id": {
              "references": [
                "data.aiven_organization_user.david.user_id",
                "data.aiven_organization_user.david"
              ]
            }
          },
          "schema_version": 0
        },
        {
          "address": "aiven_organization_user_group_member.eve-bar",
          "mode": "managed",
          "type": "aiven_organization_user_group_member",
          "name": "eve-bar",
          "provider_config_key": "aiven",
          "expressions": {
            "group_id": {
              "references": [
                "aiven_organization_user_group.bar.group_id",
                "aiven_organization_user_group.bar"
              ]
            },
            "organization_id": {
              "references": [
                "data.aiven_organization.foo.id",
                "data.aiven_organization.foo"
              ]
            },
            "user_id": {
              "references": [
                "data.aiven_organization_user.eve.user_id",
                "data.aiven_organization_user.eve"
              ]
            }
          },
          "schema_version": 0
        },
        {
          "address": "aiven_organization_user_group_member.eve-foo",
          "mode": "managed",
          "type": "aiven_organization_user_group_member",
          "name": "eve-foo",
          "provider_config_key": "aiven",
          "expressions": {
            "group_id": {
              "references": [
                "aiven_organization_user_group.foo.group_id",
                "aiven_organization_user_group.foo"
              ]
            },
            "organization_id": {
              "references": [
                "data.aiven_organization.foo.id",
                "data.aiven_organization.foo"
              ]
            },
            "user_id": {
              "references": [
                "data.aiven_organization_user.eve.user_id",
                "data.aiven_organization_user.eve"
              ]
            }
          },
          "schema_version": 0
        },
        {
          "address": "data.aiven_external_identity.alice",
          "mode": "data",
          "type": "aiven_external_identity",
          "name": "alice",
          "provider_config_key": "aiven",
          "expressions": {
            "external_service_name": {
              "constant_value": "github"
            },
            "external_user_id": {
              "constant_value": "roope-kar"
            },
            "internal_user_id": {
              "references": [
                "data.aiven_organization_user.alice.user_id",
                "data.aiven_organization_user.alice"
              ]
            },
            "organization_id": {
              "references": [
                "data.aiven_organization.foo.id",
                "data.aiven_organization.foo"
              ]
            }
          },
          "schema_version": 0
        },
        {
          "address": "data.aiven_external_identity.bob",
          "mode": "data",
          "type": "aiven_external_identity",
          "name": "bob",
          "provider_config_key": "aiven",
          "expressions": {
            "external_service_name": {
              "constant_value": "github"
            },
            "external_user_id": {
              "constant_value": "aindriu-aiven"
            },
            "internal_user_id": {
              "references": [
                "data.aiven_organization_user.bob.user_id",
                "data.aiven_organization_user.bob"
              ]
            },
            "organization_id": {
              "references": [
                "data.aiven_organization.foo.id",
                "data.aiven_organization.foo"
              ]
            }
          },
          "schema_version": 0
        },
        {
          "address": "data.aiven_external_identity.charlie",
          "mode": "data",
          "type": "aiven_external_identity",
          "name": "charlie",
          "provider_config_key": "aiven",
          "expressions": {
            "external_service_name": {
              "constant_value": "github"
            },
            "external_user_id": {
              "constant_value": "programmiri"
            },
            "internal_user_id": {
              "references": [
                "data.aiven_organization_user.charlie.user_id",
                "data.aiven_organization_user.charlie"
              ]
            },
            "organization_id": {
              "references": [
                "data.aiven_organization.foo.id",
                "data.aiven_organization.foo"
              ]
            }
          },
          "schema_version": 0
        },
        {
          "address": "data.aiven_external_identity.david",
          "mode": "data",
          "type": "aiven_external_identity",
          "name": "david",
          "provider_config_key": "aiven",
          "expressions": {
            "external_service_name": {
              "constant_value": "github"
            },
            "external_user_id": {
              "constant_value": "ArtturiSipila"
            },
            "internal_user_id": {
              "references": [
                "data.aiven_organization_user.david.user_id",
                "data.aiven_organization_user.david"
              ]
            },
            "organization_id": {
              "references": [
                "data.aiven_organization.foo.id",
                "data.aiven_organization.foo"
              ]
            }
          },
          "schema_version": 0
        },
        {
          "address": "data.aiven_external_identity.eve",
          "mode": "data",
          "type": "aiven_external_identity",
          "name": "eve",
          "provider_config_key": "aiven",
          "expressions": {
            "external_service_name": {
              "constant_value": "github"
            },
            "external_user_id": {
              "constant_value": "aindriu-aiven"
            },
            "internal_user_id": {
              "references": [
                "data.aiven_organization_user.eve.user_id",
                "data.aiven_organization_user.eve"
              ]
            },
            "organization_id": {
              "references": [
                "data.aiven_organization.foo.id",
                "data.aiven_organization.foo"
              ]
            }
          },
          "schema_version": 0
        },
        {
          "address": "data.aiven_organization.foo",
          "mode": "data",
          "type": "aiven_organization",
          "name": "foo",
          "provider_config_key": "aiven",
          "expressions": {
            "name": {
              "constant_value": "My Organization"
            }
          },
          "schema_version": 0
        },
        {
          "address": "data.aiven_organization_user.alice",
          "mode": "data",
          "type": "aiven_organization_user",
          "name": "alice",
          "provider_config_key": "aiven",
          "expressions": {
            "organization_id": {
              "references": [
                "data.aiven_organization.foo.id",
                "data.aiven_organization.foo"
              ]
            },
            "user_email": {
              "constant_value": "alice@aiven.fi"
            }
          },
          "schema_version": 0
        },
        {
          "address": "data.aiven_organization_user.bob",
          "mode": "data",
          "type": "aiven_organization_user",
          "name": "bob",
          "provider_config_key": "aiven",
          "expressions": {
            "organization_id": {
              "references": [
                "data.aiven_organization.foo.id",
                "data.aiven_organization.foo"
              ]
            },
            "user_email": {
              "constant_value": "bob@aiven.fi"
            }
          },
          "schema_version": 0
        },
        {
          "address": "data.aiven_organization_user.charlie",
          "mode": "data",
          "type": "aiven_organization_user",
          "name": "charlie",
          "provider_config_key": "aiven",
          "expressions": {
            "organization_id": {
              "references": [
                "data.aiven_organization.foo.id",
                "data.aiven_organization.foo"
              ]
            },
            "user_email": {
              "constant_value": "charlie@aiven.fi"
            }
          },
          "schema_version": 0
        },
        {
          "address": "data.aiven_organization_user.david",
          "mode": "data",
          "type": "aiven_organization_user",
          "name": "david",
          "provider_config_key": "aiven",
          "expressions": {
            "organization_id": {
              "references": [
                "data.aiven_organization.foo.id",
                "data.aiven_organization.foo"
              ]
            },
            "user_email": {
              "constant_value": "david@aiven.fi"
            }
          },
          "schema_version": 0
        },
        {
          "address": "data.aiven_organization_user.eve",
          "mode": "data",
          "type": "aiven_organization_user",
          "name": "eve",
          "provider_config_key": "aiven",
          "expressions": {
            "organization_id": {
              "references": [
                "data.aiven_organization.foo.id",
                "data.aiven_organization.foo"
              ]
            },
            "user_email": {
              "constant_value": "eve@aiven.fi"
            }
          },
          "schema_version": 0
        },
        {
          "address": "data.aiven_project.foo",
          "mode": "data",
          "type": "aiven_project",
          "name": "foo",
          "provider_config_key": "aiven",
          "expressions": {
            "project": {
              "constant_value": "testproject-gl4h"
            }
          },
          "schema_version": 0
        }
      ],
      "variables": {
        "aiven_api_token": {}
      }
    }
  },
  "relevant_attributes": [
    {
      "resource": "data.aiven_project.foo",
      "attribute": [
        "project"
      ]
    },
    {
      "resource": "aiven_kafka.foo",
      "attribute": [
        "service_name"
      ]
    }
  ],
  "timestamp": "2025-03-04T08:29:11Z"
}